// !$*UTF8*$!
{
	archiveVersion = 1;
	classes = {
	};
	objectVersion = 46;
	objects = {

/* Begin PBXBuildFile section */
		000CF8CD23D5A1D9005029D3 /* MJRefresh.h in Headers */ = {isa = PBXBuildFile; fileRef = 000CF89D23D5A1D9005029D3 /* MJRefresh.h */; settings = {ATTRIBUTES = (Public, ); }; };
		000CF8CF23D5A1D9005029D3 /* MJRefresh.bundle in Resources */ = {isa = PBXBuildFile; fileRef = 000CF89F23D5A1D9005029D3 /* MJRefresh.bundle */; };
		000CF8E423D5A1D9005029D3 /* MJRefreshGifHeader.swift in Sources */ = {isa = PBXBuildFile; fileRef = 000CF8B923D5A1D9005029D3 /* MJRefreshGifHeader.swift */; };
		000CF8F423D5A207005029D3 /* MJRefresh.framework in Frameworks */ = {isa = PBXBuildFile; fileRef = 2D9DF4521F7CE29B0042D6DD /* MJRefresh.framework */; };
		000CF8F523D5A207005029D3 /* MJRefresh.framework in Embed Frameworks */ = {isa = PBXBuildFile; fileRef = 2D9DF4521F7CE29B0042D6DD /* MJRefresh.framework */; settings = {ATTRIBUTES = (CodeSignOnCopy, RemoveHeadersOnCopy, ); }; };
		000CF8F823D5A2A7005029D3 /* MJRefreshGifHeader.swift in Headers */ = {isa = PBXBuildFile; fileRef = 000CF8B923D5A1D9005029D3 /* MJRefreshGifHeader.swift */; };
		000CF8FF23D5AC7F005029D3 /* MJChiBaoZiHeader.swift in Sources */ = {isa = PBXBuildFile; fileRef = 000CF8FE23D5AC7F005029D3 /* MJChiBaoZiHeader.swift */; };
		000CF90223D5BD9F005029D3 /* MJRefresh.swift in Sources */ = {isa = PBXBuildFile; fileRef = 000CF90023D5BD74005029D3 /* MJRefresh.swift */; };
		2D9BEB091BB15F4A00AED473 /* UIViewController+Example.m in Sources */ = {isa = PBXBuildFile; fileRef = 2D9BEAE01BB15F4A00AED473 /* UIViewController+Example.m */; };
		2D9BEB101BB15F4A00AED473 /* MJExample.m in Sources */ = {isa = PBXBuildFile; fileRef = 2D9BEAF01BB15F4A00AED473 /* MJExample.m */; };
		2D9BEB111BB15F4A00AED473 /* MJExampleViewController.m in Sources */ = {isa = PBXBuildFile; fileRef = 2D9BEAF21BB15F4A00AED473 /* MJExampleViewController.m */; };
		2D9BEB121BB15F4A00AED473 /* MJExampleWindow.m in Sources */ = {isa = PBXBuildFile; fileRef = 2D9BEAF41BB15F4A00AED473 /* MJExampleWindow.m */; };
		2D9BEB131BB15F4A00AED473 /* MJNavigationController.m in Sources */ = {isa = PBXBuildFile; fileRef = 2D9BEAF61BB15F4A00AED473 /* MJNavigationController.m */; };
		2D9BEB141BB15F4A00AED473 /* MJSingleViewController.m in Sources */ = {isa = PBXBuildFile; fileRef = 2D9BEAF81BB15F4A00AED473 /* MJSingleViewController.m */; };
		2D9BEB151BB15F4A00AED473 /* MJTempViewController.m in Sources */ = {isa = PBXBuildFile; fileRef = 2D9BEAFA1BB15F4A00AED473 /* MJTempViewController.m */; };
		2D9BEB161BB15F4A00AED473 /* AppDelegate.m in Sources */ = {isa = PBXBuildFile; fileRef = 2D9BEAFD1BB15F4A00AED473 /* AppDelegate.m */; };
		2D9BEB171BB15F4A00AED473 /* MJCollectionViewController.m in Sources */ = {isa = PBXBuildFile; fileRef = 2D9BEB001BB15F4A00AED473 /* MJCollectionViewController.m */; };
		2D9BEB181BB15F4A00AED473 /* MJTableViewController.m in Sources */ = {isa = PBXBuildFile; fileRef = 2D9BEB021BB15F4A00AED473 /* MJTableViewController.m */; };
		2D9BEB191BB15F4A00AED473 /* MJTestViewController.m in Sources */ = {isa = PBXBuildFile; fileRef = 2D9BEB041BB15F4A00AED473 /* MJTestViewController.m */; };
		2D9BEB1A1BB15F4A00AED473 /* MJTestViewController.xib in Resources */ = {isa = PBXBuildFile; fileRef = 2D9BEB051BB15F4A00AED473 /* MJTestViewController.xib */; };
		2DA7F92B1AA6B4C4005627AB /* main.m in Sources */ = {isa = PBXBuildFile; fileRef = 2DA7F92A1AA6B4C4005627AB /* main.m */; };
		2DA7F9341AA6B4C4005627AB /* Main.storyboard in Resources */ = {isa = PBXBuildFile; fileRef = 2DA7F9321AA6B4C4005627AB /* Main.storyboard */; };
		2DA7F9361AA6B4C4005627AB /* Images.xcassets in Resources */ = {isa = PBXBuildFile; fileRef = 2DA7F9351AA6B4C4005627AB /* Images.xcassets */; };
		2DA7F9391AA6B4C4005627AB /* LaunchScreen.xib in Resources */ = {isa = PBXBuildFile; fileRef = 2DA7F9371AA6B4C4005627AB /* LaunchScreen.xib */; };
		2DA7F9451AA6B4C4005627AB /* MJRefreshExampleTests.m in Sources */ = {isa = PBXBuildFile; fileRef = 2DA7F9441AA6B4C4005627AB /* MJRefreshExampleTests.m */; };
		5601B72B23F1AB6E00C3CF13 /* MJRefreshConfig.swift in Sources */ = {isa = PBXBuildFile; fileRef = 5601B72A23F1AB6E00C3CF13 /* MJRefreshConfig.swift */; };
		5654CE7723DAD70D00250CED /* MJRefreshNormalHeader.swift in Sources */ = {isa = PBXBuildFile; fileRef = 5654CE7523DAD41000250CED /* MJRefreshNormalHeader.swift */; };
		5654CE7823DAD71700250CED /* UIView+MJExtension.swift in Sources */ = {isa = PBXBuildFile; fileRef = 5654CE7323DAD00C00250CED /* UIView+MJExtension.swift */; };
		5654CE7923DAF1F100250CED /* UIView+MJExtension.swift in Headers */ = {isa = PBXBuildFile; fileRef = 5654CE7323DAD00C00250CED /* UIView+MJExtension.swift */; };
		5654CE7C23DB5DC500250CED /* MJRefreshStateHeader.swift in Sources */ = {isa = PBXBuildFile; fileRef = 5654CE7A23DAF73E00250CED /* MJRefreshStateHeader.swift */; };
		5654CE7D23DF02F300250CED /* MJRefreshStateHeader.swift in Headers */ = {isa = PBXBuildFile; fileRef = 5654CE7A23DAF73E00250CED /* MJRefreshStateHeader.swift */; };
		5654CE7E23DF030100250CED /* MJRefreshNormalHeader.swift in Headers */ = {isa = PBXBuildFile; fileRef = 5654CE7523DAD41000250CED /* MJRefreshNormalHeader.swift */; };
		5654CE8123DF1B4F00250CED /* MJRefreshHeader.swift in Sources */ = {isa = PBXBuildFile; fileRef = 5654CE7F23DF061900250CED /* MJRefreshHeader.swift */; };
		5654CE8323DFD20900250CED /* MJRefreshBackNormalFooter.swift in Sources */ = {isa = PBXBuildFile; fileRef = 5654CE8223DFD20900250CED /* MJRefreshBackNormalFooter.swift */; };
		5654CE8423DFD34600250CED /* MJRefreshBackNormalFooter.swift in Headers */ = {isa = PBXBuildFile; fileRef = 5654CE8223DFD20900250CED /* MJRefreshBackNormalFooter.swift */; };
		5654CE8723E31A9D00250CED /* MJRefreshBackGifFooter.swift in Sources */ = {isa = PBXBuildFile; fileRef = 5654CE8523E319DD00250CED /* MJRefreshBackGifFooter.swift */; };
		5654CE8823E31AAE00250CED /* MJRefreshBackGifFooter.swift in Headers */ = {isa = PBXBuildFile; fileRef = 5654CE8523E319DD00250CED /* MJRefreshBackGifFooter.swift */; };
		5654CEAA23E3DCAA00250CED /* MJChiBaoZiFooter2.swift in Sources */ = {isa = PBXBuildFile; fileRef = 5654CEA923E3DCAA00250CED /* MJChiBaoZiFooter2.swift */; };
		5654CEAD23E3F37700250CED /* MJRefreshBackStateFooter.swift in Sources */ = {isa = PBXBuildFile; fileRef = 5654CEAB23E3E45B00250CED /* MJRefreshBackStateFooter.swift */; };
		5654CEAE23E3F41A00250CED /* MJRefreshBackStateFooter.swift in Headers */ = {isa = PBXBuildFile; fileRef = 5654CEAB23E3E45B00250CED /* MJRefreshBackStateFooter.swift */; };
		5654CEB123E4120B00250CED /* MJRefreshAutoNormalFooter.swift in Sources */ = {isa = PBXBuildFile; fileRef = 5654CEAF23E4120500250CED /* MJRefreshAutoNormalFooter.swift */; };
		5654CEB223E4135F00250CED /* MJRefreshAutoNormalFooter.swift in Headers */ = {isa = PBXBuildFile; fileRef = 5654CEAF23E4120500250CED /* MJRefreshAutoNormalFooter.swift */; };
		5654CEB423E6B33800250CED /* MJRefreshAutoGifFooter.swift in Sources */ = {isa = PBXBuildFile; fileRef = 5654CEB323E6B33800250CED /* MJRefreshAutoGifFooter.swift */; };
		5654CEB523E6C4A800250CED /* MJRefreshAutoGifFooter.swift in Headers */ = {isa = PBXBuildFile; fileRef = 5654CEB323E6B33800250CED /* MJRefreshAutoGifFooter.swift */; };
		5654CEB723E6C54C00250CED /* MJChiBaoZiFooter.swift in Sources */ = {isa = PBXBuildFile; fileRef = 5654CEB623E6C54C00250CED /* MJChiBaoZiFooter.swift */; };
		5654CEB923E6CA3D00250CED /* MJRefreshAutoStateFooter.swift in Sources */ = {isa = PBXBuildFile; fileRef = 5654CEB823E6CA3D00250CED /* MJRefreshAutoStateFooter.swift */; };
		5654CEBA23E6D4DC00250CED /* MJRefreshAutoStateFooter.swift in Headers */ = {isa = PBXBuildFile; fileRef = 5654CEB823E6CA3D00250CED /* MJRefreshAutoStateFooter.swift */; };
		5654CEBC23E7F3FA00250CED /* MJRefreshAutoFooter.swift in Sources */ = {isa = PBXBuildFile; fileRef = 5654CEBB23E7F3FA00250CED /* MJRefreshAutoFooter.swift */; };
		5654CEBD23E90D9700250CED /* MJRefreshAutoFooter.swift in Headers */ = {isa = PBXBuildFile; fileRef = 5654CEBB23E7F3FA00250CED /* MJRefreshAutoFooter.swift */; };
		5654CEBF23E90DFA00250CED /* MJDIYAutoFooter.swift in Sources */ = {isa = PBXBuildFile; fileRef = 5654CEBE23E90DFA00250CED /* MJDIYAutoFooter.swift */; };
		5654CEC123E915B500250CED /* MJRefreshBackFooter.swift in Sources */ = {isa = PBXBuildFile; fileRef = 5654CEC023E915B500250CED /* MJRefreshBackFooter.swift */; };
		5654CEC223E915CD00250CED /* MJRefreshBackFooter.swift in Headers */ = {isa = PBXBuildFile; fileRef = 5654CEC023E915B500250CED /* MJRefreshBackFooter.swift */; };
		5654CEC423E9434000250CED /* MJDIYBackFooter.swift in Sources */ = {isa = PBXBuildFile; fileRef = 5654CEC323E9434000250CED /* MJDIYBackFooter.swift */; };
		5654CEC523EA6C1400250CED /* MJRefreshHeader.swift in Headers */ = {isa = PBXBuildFile; fileRef = 5654CE7F23DF061900250CED /* MJRefreshHeader.swift */; };
		5654CEC623EA71DF00250CED /* MJRefresh.swift in Headers */ = {isa = PBXBuildFile; fileRef = 000CF90023D5BD74005029D3 /* MJRefresh.swift */; };
		5654CECC23EA976F00250CED /* UIScrollView+MJRefresh.swift in Sources */ = {isa = PBXBuildFile; fileRef = 5654CECB23EA976F00250CED /* UIScrollView+MJRefresh.swift */; };
		5654CECD23EBA56A00250CED /* UIScrollView+MJRefresh.swift in Headers */ = {isa = PBXBuildFile; fileRef = 5654CECB23EA976F00250CED /* UIScrollView+MJRefresh.swift */; };
		5654CECF23EBA9C200250CED /* MJDIYHeader.swift in Sources */ = {isa = PBXBuildFile; fileRef = 5654CECE23EBA9C200250CED /* MJDIYHeader.swift */; };
		5654CED123EBC9D000250CED /* MJRefreshFooter.swift in Sources */ = {isa = PBXBuildFile; fileRef = 5654CED023EBC9D000250CED /* MJRefreshFooter.swift */; };
		5654CED223EBC9E900250CED /* MJRefreshFooter.swift in Headers */ = {isa = PBXBuildFile; fileRef = 5654CED023EBC9D000250CED /* MJRefreshFooter.swift */; };
		5654CED423EBDE9B00250CED /* MJRefreshComponent.swift in Sources */ = {isa = PBXBuildFile; fileRef = 5654CED323EBDE9B00250CED /* MJRefreshComponent.swift */; };
		5697337723EC7EAE00C84B5F /* NSBundle+MJRefresh.swift in Sources */ = {isa = PBXBuildFile; fileRef = 5697337623EC7EAE00C84B5F /* NSBundle+MJRefresh.swift */; };
		5697337823EC8A6C00C84B5F /* NSBundle+MJRefresh.swift in Headers */ = {isa = PBXBuildFile; fileRef = 5697337623EC7EAE00C84B5F /* NSBundle+MJRefresh.swift */; };
		56A2337C23FE5B65000DCA50 /* MJWebViewViewController.swift in Sources */ = {isa = PBXBuildFile; fileRef = 56A2337B23FE5B65000DCA50 /* MJWebViewViewController.swift */; };
/* End PBXBuildFile section */

/* Begin PBXContainerItemProxy section */
		000CF8F623D5A207005029D3 /* PBXContainerItemProxy */ = {
			isa = PBXContainerItemProxy;
			containerPortal = 2DA7F91D1AA6B4C4005627AB /* Project object */;
			proxyType = 1;
			remoteGlobalIDString = 2D9DF4511F7CE29B0042D6DD;
			remoteInfo = MJRefreshFramework;
		};
		2DA7F93F1AA6B4C4005627AB /* PBXContainerItemProxy */ = {
			isa = PBXContainerItemProxy;
			containerPortal = 2DA7F91D1AA6B4C4005627AB /* Project object */;
			proxyType = 1;
			remoteGlobalIDString = 2DA7F9241AA6B4C4005627AB;
			remoteInfo = MJRefreshExample;
		};
/* End PBXContainerItemProxy section */

/* Begin PBXCopyFilesBuildPhase section */
		2D9DF3EC1F7CD8F50042D6DD /* Embed Frameworks */ = {
			isa = PBXCopyFilesBuildPhase;
			buildActionMask = 2147483647;
			dstPath = "";
			dstSubfolderSpec = 10;
			files = (
				000CF8F523D5A207005029D3 /* MJRefresh.framework in Embed Frameworks */,
			);
			name = "Embed Frameworks";
			runOnlyForDeploymentPostprocessing = 0;
		};
/* End PBXCopyFilesBuildPhase section */

/* Begin PBXFileReference section */
		000CF89D23D5A1D9005029D3 /* MJRefresh.h */ = {isa = PBXFileReference; fileEncoding = 4; lastKnownFileType = sourcecode.c.h; path = MJRefresh.h; sourceTree = "<group>"; };
		000CF89F23D5A1D9005029D3 /* MJRefresh.bundle */ = {isa = PBXFileReference; lastKnownFileType = "wrapper.plug-in"; path = MJRefresh.bundle; sourceTree = "<group>"; };
		000CF8B923D5A1D9005029D3 /* MJRefreshGifHeader.swift */ = {isa = PBXFileReference; fileEncoding = 4; lastKnownFileType = sourcecode.swift; path = MJRefreshGifHeader.swift; sourceTree = "<group>"; };
		000CF8FE23D5AC7F005029D3 /* MJChiBaoZiHeader.swift */ = {isa = PBXFileReference; lastKnownFileType = sourcecode.swift; path = MJChiBaoZiHeader.swift; sourceTree = "<group>"; };
		000CF90023D5BD74005029D3 /* MJRefresh.swift */ = {isa = PBXFileReference; lastKnownFileType = sourcecode.swift; path = MJRefresh.swift; sourceTree = "<group>"; };
		2D9BEADF1BB15F4A00AED473 /* UIViewController+Example.h */ = {isa = PBXFileReference; fileEncoding = 4; lastKnownFileType = sourcecode.c.h; path = "UIViewController+Example.h"; sourceTree = "<group>"; };
		2D9BEAE01BB15F4A00AED473 /* UIViewController+Example.m */ = {isa = PBXFileReference; fileEncoding = 4; lastKnownFileType = sourcecode.c.objc; path = "UIViewController+Example.m"; sourceTree = "<group>"; };
		2D9BEAEF1BB15F4A00AED473 /* MJExample.h */ = {isa = PBXFileReference; fileEncoding = 4; lastKnownFileType = sourcecode.c.h; path = MJExample.h; sourceTree = "<group>"; };
		2D9BEAF01BB15F4A00AED473 /* MJExample.m */ = {isa = PBXFileReference; fileEncoding = 4; lastKnownFileType = sourcecode.c.objc; path = MJExample.m; sourceTree = "<group>"; };
		2D9BEAF11BB15F4A00AED473 /* MJExampleViewController.h */ = {isa = PBXFileReference; fileEncoding = 4; lastKnownFileType = sourcecode.c.h; path = MJExampleViewController.h; sourceTree = "<group>"; };
		2D9BEAF21BB15F4A00AED473 /* MJExampleViewController.m */ = {isa = PBXFileReference; fileEncoding = 4; lastKnownFileType = sourcecode.c.objc; path = MJExampleViewController.m; sourceTree = "<group>"; };
		2D9BEAF31BB15F4A00AED473 /* MJExampleWindow.h */ = {isa = PBXFileReference; fileEncoding = 4; lastKnownFileType = sourcecode.c.h; path = MJExampleWindow.h; sourceTree = "<group>"; };
		2D9BEAF41BB15F4A00AED473 /* MJExampleWindow.m */ = {isa = PBXFileReference; fileEncoding = 4; lastKnownFileType = sourcecode.c.objc; path = MJExampleWindow.m; sourceTree = "<group>"; };
		2D9BEAF51BB15F4A00AED473 /* MJNavigationController.h */ = {isa = PBXFileReference; fileEncoding = 4; lastKnownFileType = sourcecode.c.h; path = MJNavigationController.h; sourceTree = "<group>"; };
		2D9BEAF61BB15F4A00AED473 /* MJNavigationController.m */ = {isa = PBXFileReference; fileEncoding = 4; lastKnownFileType = sourcecode.c.objc; path = MJNavigationController.m; sourceTree = "<group>"; };
		2D9BEAF71BB15F4A00AED473 /* MJSingleViewController.h */ = {isa = PBXFileReference; fileEncoding = 4; lastKnownFileType = sourcecode.c.h; path = MJSingleViewController.h; sourceTree = "<group>"; };
		2D9BEAF81BB15F4A00AED473 /* MJSingleViewController.m */ = {isa = PBXFileReference; fileEncoding = 4; lastKnownFileType = sourcecode.c.objc; path = MJSingleViewController.m; sourceTree = "<group>"; };
		2D9BEAF91BB15F4A00AED473 /* MJTempViewController.h */ = {isa = PBXFileReference; fileEncoding = 4; lastKnownFileType = sourcecode.c.h; path = MJTempViewController.h; sourceTree = "<group>"; };
		2D9BEAFA1BB15F4A00AED473 /* MJTempViewController.m */ = {isa = PBXFileReference; fileEncoding = 4; lastKnownFileType = sourcecode.c.objc; path = MJTempViewController.m; sourceTree = "<group>"; };
		2D9BEAFC1BB15F4A00AED473 /* AppDelegate.h */ = {isa = PBXFileReference; fileEncoding = 4; lastKnownFileType = sourcecode.c.h; path = AppDelegate.h; sourceTree = "<group>"; };
		2D9BEAFD1BB15F4A00AED473 /* AppDelegate.m */ = {isa = PBXFileReference; fileEncoding = 4; lastKnownFileType = sourcecode.c.objc; path = AppDelegate.m; sourceTree = "<group>"; };
		2D9BEAFF1BB15F4A00AED473 /* MJCollectionViewController.h */ = {isa = PBXFileReference; fileEncoding = 4; lastKnownFileType = sourcecode.c.h; path = MJCollectionViewController.h; sourceTree = "<group>"; };
		2D9BEB001BB15F4A00AED473 /* MJCollectionViewController.m */ = {isa = PBXFileReference; fileEncoding = 4; lastKnownFileType = sourcecode.c.objc; path = MJCollectionViewController.m; sourceTree = "<group>"; };
		2D9BEB011BB15F4A00AED473 /* MJTableViewController.h */ = {isa = PBXFileReference; fileEncoding = 4; lastKnownFileType = sourcecode.c.h; path = MJTableViewController.h; sourceTree = "<group>"; };
		2D9BEB021BB15F4A00AED473 /* MJTableViewController.m */ = {isa = PBXFileReference; fileEncoding = 4; lastKnownFileType = sourcecode.c.objc; path = MJTableViewController.m; sourceTree = "<group>"; };
		2D9BEB031BB15F4A00AED473 /* MJTestViewController.h */ = {isa = PBXFileReference; fileEncoding = 4; lastKnownFileType = sourcecode.c.h; path = MJTestViewController.h; sourceTree = "<group>"; };
		2D9BEB041BB15F4A00AED473 /* MJTestViewController.m */ = {isa = PBXFileReference; fileEncoding = 4; lastKnownFileType = sourcecode.c.objc; path = MJTestViewController.m; sourceTree = "<group>"; };
		2D9BEB051BB15F4A00AED473 /* MJTestViewController.xib */ = {isa = PBXFileReference; fileEncoding = 4; lastKnownFileType = file.xib; path = MJTestViewController.xib; sourceTree = "<group>"; };
		2D9DF4521F7CE29B0042D6DD /* MJRefresh.framework */ = {isa = PBXFileReference; explicitFileType = wrapper.framework; includeInIndex = 0; path = MJRefresh.framework; sourceTree = BUILT_PRODUCTS_DIR; };
		2D9DF4551F7CE29B0042D6DD /* Info.plist */ = {isa = PBXFileReference; lastKnownFileType = text.plist.xml; path = Info.plist; sourceTree = "<group>"; };
		2DA7F9251AA6B4C4005627AB /* MJRefreshExample.app */ = {isa = PBXFileReference; explicitFileType = wrapper.application; includeInIndex = 0; path = MJRefreshExample.app; sourceTree = BUILT_PRODUCTS_DIR; };
		2DA7F9291AA6B4C4005627AB /* Info.plist */ = {isa = PBXFileReference; lastKnownFileType = text.plist.xml; path = Info.plist; sourceTree = "<group>"; };
		2DA7F92A1AA6B4C4005627AB /* main.m */ = {isa = PBXFileReference; lastKnownFileType = sourcecode.c.objc; path = main.m; sourceTree = "<group>"; };
		2DA7F9331AA6B4C4005627AB /* Base */ = {isa = PBXFileReference; lastKnownFileType = file.storyboard; name = Base; path = Base.lproj/Main.storyboard; sourceTree = "<group>"; };
		2DA7F9351AA6B4C4005627AB /* Images.xcassets */ = {isa = PBXFileReference; lastKnownFileType = folder.assetcatalog; path = Images.xcassets; sourceTree = "<group>"; };
		2DA7F9381AA6B4C4005627AB /* Base */ = {isa = PBXFileReference; lastKnownFileType = file.xib; name = Base; path = Base.lproj/LaunchScreen.xib; sourceTree = "<group>"; };
		2DA7F93E1AA6B4C4005627AB /* MJRefreshExampleTests.xctest */ = {isa = PBXFileReference; explicitFileType = wrapper.cfbundle; includeInIndex = 0; path = MJRefreshExampleTests.xctest; sourceTree = BUILT_PRODUCTS_DIR; };
		2DA7F9431AA6B4C4005627AB /* Info.plist */ = {isa = PBXFileReference; lastKnownFileType = text.plist.xml; path = Info.plist; sourceTree = "<group>"; };
		2DA7F9441AA6B4C4005627AB /* MJRefreshExampleTests.m */ = {isa = PBXFileReference; lastKnownFileType = sourcecode.c.objc; path = MJRefreshExampleTests.m; sourceTree = "<group>"; };
		2DAA837B1BB1685300B62152 /* PrefixHeader.pch */ = {isa = PBXFileReference; lastKnownFileType = sourcecode.c.h; path = PrefixHeader.pch; sourceTree = "<group>"; };
		5601B72A23F1AB6E00C3CF13 /* MJRefreshConfig.swift */ = {isa = PBXFileReference; lastKnownFileType = sourcecode.swift; path = MJRefreshConfig.swift; sourceTree = "<group>"; };
		5654CE7323DAD00C00250CED /* UIView+MJExtension.swift */ = {isa = PBXFileReference; lastKnownFileType = sourcecode.swift; path = "UIView+MJExtension.swift"; sourceTree = "<group>"; };
		5654CE7523DAD41000250CED /* MJRefreshNormalHeader.swift */ = {isa = PBXFileReference; lastKnownFileType = sourcecode.swift; path = MJRefreshNormalHeader.swift; sourceTree = "<group>"; };
		5654CE7A23DAF73E00250CED /* MJRefreshStateHeader.swift */ = {isa = PBXFileReference; lastKnownFileType = sourcecode.swift; path = MJRefreshStateHeader.swift; sourceTree = "<group>"; };
		5654CE7F23DF061900250CED /* MJRefreshHeader.swift */ = {isa = PBXFileReference; lastKnownFileType = sourcecode.swift; path = MJRefreshHeader.swift; sourceTree = "<group>"; };
		5654CE8223DFD20900250CED /* MJRefreshBackNormalFooter.swift */ = {isa = PBXFileReference; lastKnownFileType = sourcecode.swift; path = MJRefreshBackNormalFooter.swift; sourceTree = "<group>"; };
		5654CE8523E319DD00250CED /* MJRefreshBackGifFooter.swift */ = {isa = PBXFileReference; lastKnownFileType = sourcecode.swift; path = MJRefreshBackGifFooter.swift; sourceTree = "<group>"; };
		5654CEA923E3DCAA00250CED /* MJChiBaoZiFooter2.swift */ = {isa = PBXFileReference; lastKnownFileType = sourcecode.swift; path = MJChiBaoZiFooter2.swift; sourceTree = "<group>"; };
		5654CEAB23E3E45B00250CED /* MJRefreshBackStateFooter.swift */ = {isa = PBXFileReference; lastKnownFileType = sourcecode.swift; path = MJRefreshBackStateFooter.swift; sourceTree = "<group>"; };
		5654CEAF23E4120500250CED /* MJRefreshAutoNormalFooter.swift */ = {isa = PBXFileReference; lastKnownFileType = sourcecode.swift; path = MJRefreshAutoNormalFooter.swift; sourceTree = "<group>"; };
		5654CEB323E6B33800250CED /* MJRefreshAutoGifFooter.swift */ = {isa = PBXFileReference; lastKnownFileType = sourcecode.swift; path = MJRefreshAutoGifFooter.swift; sourceTree = "<group>"; };
		5654CEB623E6C54C00250CED /* MJChiBaoZiFooter.swift */ = {isa = PBXFileReference; lastKnownFileType = sourcecode.swift; path = MJChiBaoZiFooter.swift; sourceTree = "<group>"; };
		5654CEB823E6CA3D00250CED /* MJRefreshAutoStateFooter.swift */ = {isa = PBXFileReference; lastKnownFileType = sourcecode.swift; path = MJRefreshAutoStateFooter.swift; sourceTree = "<group>"; };
		5654CEBB23E7F3FA00250CED /* MJRefreshAutoFooter.swift */ = {isa = PBXFileReference; lastKnownFileType = sourcecode.swift; path = MJRefreshAutoFooter.swift; sourceTree = "<group>"; };
		5654CEBE23E90DFA00250CED /* MJDIYAutoFooter.swift */ = {isa = PBXFileReference; lastKnownFileType = sourcecode.swift; path = MJDIYAutoFooter.swift; sourceTree = "<group>"; };
		5654CEC023E915B500250CED /* MJRefreshBackFooter.swift */ = {isa = PBXFileReference; lastKnownFileType = sourcecode.swift; path = MJRefreshBackFooter.swift; sourceTree = "<group>"; };
		5654CEC323E9434000250CED /* MJDIYBackFooter.swift */ = {isa = PBXFileReference; lastKnownFileType = sourcecode.swift; path = MJDIYBackFooter.swift; sourceTree = "<group>"; };
		5654CECB23EA976F00250CED /* UIScrollView+MJRefresh.swift */ = {isa = PBXFileReference; lastKnownFileType = sourcecode.swift; path = "UIScrollView+MJRefresh.swift"; sourceTree = "<group>"; };
		5654CECE23EBA9C200250CED /* MJDIYHeader.swift */ = {isa = PBXFileReference; lastKnownFileType = sourcecode.swift; path = MJDIYHeader.swift; sourceTree = "<group>"; };
		5654CED023EBC9D000250CED /* MJRefreshFooter.swift */ = {isa = PBXFileReference; lastKnownFileType = sourcecode.swift; path = MJRefreshFooter.swift; sourceTree = "<group>"; };
		5654CED323EBDE9B00250CED /* MJRefreshComponent.swift */ = {isa = PBXFileReference; lastKnownFileType = sourcecode.swift; path = MJRefreshComponent.swift; sourceTree = "<group>"; };
		5697337623EC7EAE00C84B5F /* NSBundle+MJRefresh.swift */ = {isa = PBXFileReference; lastKnownFileType = sourcecode.swift; path = "NSBundle+MJRefresh.swift"; sourceTree = "<group>"; };
		56A2337B23FE5B65000DCA50 /* MJWebViewViewController.swift */ = {isa = PBXFileReference; lastKnownFileType = sourcecode.swift; path = MJWebViewViewController.swift; sourceTree = "<group>"; };
		56A2337D23FF74BE000DCA50 /* bridge_Header.h */ = {isa = PBXFileReference; lastKnownFileType = sourcecode.c.h; path = bridge_Header.h; sourceTree = "<group>"; };
/* End PBXFileReference section */

/* Begin PBXFrameworksBuildPhase section */
		2D9DF44E1F7CE29B0042D6DD /* Frameworks */ = {
			isa = PBXFrameworksBuildPhase;
			buildActionMask = 2147483647;
			files = (
			);
			runOnlyForDeploymentPostprocessing = 0;
		};
		2DA7F9221AA6B4C4005627AB /* Frameworks */ = {
			isa = PBXFrameworksBuildPhase;
			buildActionMask = 2147483647;
			files = (
				000CF8F423D5A207005029D3 /* MJRefresh.framework in Frameworks */,
			);
			runOnlyForDeploymentPostprocessing = 0;
		};
		2DA7F93B1AA6B4C4005627AB /* Frameworks */ = {
			isa = PBXFrameworksBuildPhase;
			buildActionMask = 2147483647;
			files = (
			);
			runOnlyForDeploymentPostprocessing = 0;
		};
/* End PBXFrameworksBuildPhase section */

/* Begin PBXGroup section */
		000CF89823D5A1D9005029D3 /* MJRefresh */ = {
			isa = PBXGroup;
			children = (
				5654CECB23EA976F00250CED /* UIScrollView+MJRefresh.swift */,
				5601B72A23F1AB6E00C3CF13 /* MJRefreshConfig.swift */,
				000CF89D23D5A1D9005029D3 /* MJRefresh.h */,
				000CF90023D5BD74005029D3 /* MJRefresh.swift */,
				5697337623EC7EAE00C84B5F /* NSBundle+MJRefresh.swift */,
				000CF89F23D5A1D9005029D3 /* MJRefresh.bundle */,
				5654CE7323DAD00C00250CED /* UIView+MJExtension.swift */,
				000CF8A723D5A1D9005029D3 /* Custom */,
				000CF8BE23D5A1D9005029D3 /* Base */,
			);
			path = MJRefresh;
			sourceTree = "<group>";
		};
		000CF8A723D5A1D9005029D3 /* Custom */ = {
			isa = PBXGroup;
			children = (
				000CF8A823D5A1D9005029D3 /* Footer */,
				000CF8B723D5A1D9005029D3 /* Header */,
			);
			path = Custom;
			sourceTree = "<group>";
		};
		000CF8A823D5A1D9005029D3 /* Footer */ = {
			isa = PBXGroup;
			children = (
				000CF8A923D5A1D9005029D3 /* Back */,
				000CF8B023D5A1D9005029D3 /* Auto */,
			);
			path = Footer;
			sourceTree = "<group>";
		};
		000CF8A923D5A1D9005029D3 /* Back */ = {
			isa = PBXGroup;
			children = (
				5654CE8523E319DD00250CED /* MJRefreshBackGifFooter.swift */,
				5654CEAB23E3E45B00250CED /* MJRefreshBackStateFooter.swift */,
				5654CE8223DFD20900250CED /* MJRefreshBackNormalFooter.swift */,
			);
			path = Back;
			sourceTree = "<group>";
		};
		000CF8B023D5A1D9005029D3 /* Auto */ = {
			isa = PBXGroup;
			children = (
				5654CEB823E6CA3D00250CED /* MJRefreshAutoStateFooter.swift */,
				5654CEAF23E4120500250CED /* MJRefreshAutoNormalFooter.swift */,
				5654CEB323E6B33800250CED /* MJRefreshAutoGifFooter.swift */,
			);
			path = Auto;
			sourceTree = "<group>";
		};
		000CF8B723D5A1D9005029D3 /* Header */ = {
			isa = PBXGroup;
			children = (
				000CF8B923D5A1D9005029D3 /* MJRefreshGifHeader.swift */,
				5654CE7523DAD41000250CED /* MJRefreshNormalHeader.swift */,
				5654CE7A23DAF73E00250CED /* MJRefreshStateHeader.swift */,
			);
			path = Header;
			sourceTree = "<group>";
		};
		000CF8BE23D5A1D9005029D3 /* Base */ = {
			isa = PBXGroup;
			children = (
				5654CE7F23DF061900250CED /* MJRefreshHeader.swift */,
				5654CED023EBC9D000250CED /* MJRefreshFooter.swift */,
				5654CED323EBDE9B00250CED /* MJRefreshComponent.swift */,
				5654CEBB23E7F3FA00250CED /* MJRefreshAutoFooter.swift */,
				5654CEC023E915B500250CED /* MJRefreshBackFooter.swift */,
			);
			path = Base;
			sourceTree = "<group>";
		};
		000CF8F323D5A207005029D3 /* Frameworks */ = {
			isa = PBXGroup;
			children = (
			);
			name = Frameworks;
			sourceTree = "<group>";
		};
		2D9BEADE1BB15F4A00AED473 /* Category */ = {
			isa = PBXGroup;
			children = (
				2D9BEADF1BB15F4A00AED473 /* UIViewController+Example.h */,
				2D9BEAE01BB15F4A00AED473 /* UIViewController+Example.m */,
			);
			path = Category;
			sourceTree = "<group>";
		};
		2D9BEAE11BB15F4A00AED473 /* DIY */ = {
			isa = PBXGroup;
			children = (
				5654CEB623E6C54C00250CED /* MJChiBaoZiFooter.swift */,
				5654CEA923E3DCAA00250CED /* MJChiBaoZiFooter2.swift */,
				000CF8FE23D5AC7F005029D3 /* MJChiBaoZiHeader.swift */,
				5654CEBE23E90DFA00250CED /* MJDIYAutoFooter.swift */,
				5654CEC323E9434000250CED /* MJDIYBackFooter.swift */,
				5654CECE23EBA9C200250CED /* MJDIYHeader.swift */,
			);
			path = DIY;
			sourceTree = "<group>";
		};
		2D9BEAEE1BB15F4A00AED473 /* First */ = {
			isa = PBXGroup;
			children = (
				2D9BEAEF1BB15F4A00AED473 /* MJExample.h */,
				2D9BEAF01BB15F4A00AED473 /* MJExample.m */,
				2D9BEAF11BB15F4A00AED473 /* MJExampleViewController.h */,
				2D9BEAF21BB15F4A00AED473 /* MJExampleViewController.m */,
				2D9BEAF31BB15F4A00AED473 /* MJExampleWindow.h */,
				2D9BEAF41BB15F4A00AED473 /* MJExampleWindow.m */,
				2D9BEAF51BB15F4A00AED473 /* MJNavigationController.h */,
				2D9BEAF61BB15F4A00AED473 /* MJNavigationController.m */,
				2D9BEAF71BB15F4A00AED473 /* MJSingleViewController.h */,
				2D9BEAF81BB15F4A00AED473 /* MJSingleViewController.m */,
				2D9BEAF91BB15F4A00AED473 /* MJTempViewController.h */,
				2D9BEAFA1BB15F4A00AED473 /* MJTempViewController.m */,
			);
			path = First;
			sourceTree = "<group>";
		};
		2D9BEAFB1BB15F4A00AED473 /* Other */ = {
			isa = PBXGroup;
			children = (
				2D9BEAFC1BB15F4A00AED473 /* AppDelegate.h */,
				2D9BEAFD1BB15F4A00AED473 /* AppDelegate.m */,
				56A2337D23FF74BE000DCA50 /* bridge_Header.h */,
			);
			path = Other;
			sourceTree = "<group>";
		};
		2D9BEAFE1BB15F4A00AED473 /* Second */ = {
			isa = PBXGroup;
			children = (
				2D9BEAFF1BB15F4A00AED473 /* MJCollectionViewController.h */,
				2D9BEB001BB15F4A00AED473 /* MJCollectionViewController.m */,
				2D9BEB011BB15F4A00AED473 /* MJTableViewController.h */,
				2D9BEB021BB15F4A00AED473 /* MJTableViewController.m */,
				2D9BEB031BB15F4A00AED473 /* MJTestViewController.h */,
				2D9BEB041BB15F4A00AED473 /* MJTestViewController.m */,
				2D9BEB051BB15F4A00AED473 /* MJTestViewController.xib */,
				56A2337B23FE5B65000DCA50 /* MJWebViewViewController.swift */,
			);
			path = Second;
			sourceTree = "<group>";
		};
		2D9DF4531F7CE29B0042D6DD /* MJRefreshFramework */ = {
			isa = PBXGroup;
			children = (
				2D9DF4551F7CE29B0042D6DD /* Info.plist */,
			);
			path = MJRefreshFramework;
			sourceTree = "<group>";
		};
		2DA7F91C1AA6B4C4005627AB = {
			isa = PBXGroup;
			children = (
				2DA7F9271AA6B4C4005627AB /* MJRefreshExample */,
				2DA7F9411AA6B4C4005627AB /* MJRefreshExampleTests */,
				2D9DF4531F7CE29B0042D6DD /* MJRefreshFramework */,
				2DA7F9261AA6B4C4005627AB /* Products */,
				000CF8F323D5A207005029D3 /* Frameworks */,
			);
			sourceTree = "<group>";
		};
		2DA7F9261AA6B4C4005627AB /* Products */ = {
			isa = PBXGroup;
			children = (
				2DA7F9251AA6B4C4005627AB /* MJRefreshExample.app */,
				2DA7F93E1AA6B4C4005627AB /* MJRefreshExampleTests.xctest */,
				2D9DF4521F7CE29B0042D6DD /* MJRefresh.framework */,
			);
			name = Products;
			sourceTree = "<group>";
		};
		2DA7F9271AA6B4C4005627AB /* MJRefreshExample */ = {
			isa = PBXGroup;
			children = (
				000CF89823D5A1D9005029D3 /* MJRefresh */,
				2DA7F94E1AA6B51C005627AB /* Classes */,
				2DA7F9281AA6B4C4005627AB /* Supporting Files */,
			);
			path = MJRefreshExample;
			sourceTree = "<group>";
		};
		2DA7F9281AA6B4C4005627AB /* Supporting Files */ = {
			isa = PBXGroup;
			children = (
				2DA7F9321AA6B4C4005627AB /* Main.storyboard */,
				2DA7F9351AA6B4C4005627AB /* Images.xcassets */,
				2DA7F9371AA6B4C4005627AB /* LaunchScreen.xib */,
				2DA7F9291AA6B4C4005627AB /* Info.plist */,
				2DA7F92A1AA6B4C4005627AB /* main.m */,
				2DAA837B1BB1685300B62152 /* PrefixHeader.pch */,
			);
			name = "Supporting Files";
			sourceTree = "<group>";
		};
		2DA7F9411AA6B4C4005627AB /* MJRefreshExampleTests */ = {
			isa = PBXGroup;
			children = (
				2DA7F9441AA6B4C4005627AB /* MJRefreshExampleTests.m */,
				2DA7F9421AA6B4C4005627AB /* Supporting Files */,
			);
			path = MJRefreshExampleTests;
			sourceTree = "<group>";
		};
		2DA7F9421AA6B4C4005627AB /* Supporting Files */ = {
			isa = PBXGroup;
			children = (
				2DA7F9431AA6B4C4005627AB /* Info.plist */,
			);
			name = "Supporting Files";
			sourceTree = "<group>";
		};
		2DA7F94E1AA6B51C005627AB /* Classes */ = {
			isa = PBXGroup;
			children = (
				2D9BEADE1BB15F4A00AED473 /* Category */,
				2D9BEAFB1BB15F4A00AED473 /* Other */,
				2D9BEAE11BB15F4A00AED473 /* DIY */,
				2D9BEAEE1BB15F4A00AED473 /* First */,
				2D9BEAFE1BB15F4A00AED473 /* Second */,
			);
			path = Classes;
			sourceTree = "<group>";
		};
/* End PBXGroup section */

/* Begin PBXHeadersBuildPhase section */
		2D9DF44F1F7CE29B0042D6DD /* Headers */ = {
			isa = PBXHeadersBuildPhase;
			buildActionMask = 2147483647;
			files = (
				000CF8CD23D5A1D9005029D3 /* MJRefresh.h in Headers */,
				5697337823EC8A6C00C84B5F /* NSBundle+MJRefresh.swift in Headers */,
				5654CED223EBC9E900250CED /* MJRefreshFooter.swift in Headers */,
				5654CECD23EBA56A00250CED /* UIScrollView+MJRefresh.swift in Headers */,
				5654CEC623EA71DF00250CED /* MJRefresh.swift in Headers */,
				5654CEC523EA6C1400250CED /* MJRefreshHeader.swift in Headers */,
				5654CEC223E915CD00250CED /* MJRefreshBackFooter.swift in Headers */,
				5654CEBD23E90D9700250CED /* MJRefreshAutoFooter.swift in Headers */,
				5654CEBA23E6D4DC00250CED /* MJRefreshAutoStateFooter.swift in Headers */,
				5654CEB523E6C4A800250CED /* MJRefreshAutoGifFooter.swift in Headers */,
				5654CEB223E4135F00250CED /* MJRefreshAutoNormalFooter.swift in Headers */,
				5654CEAE23E3F41A00250CED /* MJRefreshBackStateFooter.swift in Headers */,
				5654CE8823E31AAE00250CED /* MJRefreshBackGifFooter.swift in Headers */,
				5654CE8423DFD34600250CED /* MJRefreshBackNormalFooter.swift in Headers */,
				5654CE7E23DF030100250CED /* MJRefreshNormalHeader.swift in Headers */,
				5654CE7D23DF02F300250CED /* MJRefreshStateHeader.swift in Headers */,
				5654CE7923DAF1F100250CED /* UIView+MJExtension.swift in Headers */,
				000CF8F823D5A2A7005029D3 /* MJRefreshGifHeader.swift in Headers */,
			);
			runOnlyForDeploymentPostprocessing = 0;
		};
/* End PBXHeadersBuildPhase section */

/* Begin PBXNativeTarget section */
		2D9DF4511F7CE29B0042D6DD /* MJRefreshFramework */ = {
			isa = PBXNativeTarget;
			buildConfigurationList = 2D9DF4571F7CE29B0042D6DD /* Build configuration list for PBXNativeTarget "MJRefreshFramework" */;
			buildPhases = (
				2D9DF44D1F7CE29B0042D6DD /* Sources */,
				2D9DF44E1F7CE29B0042D6DD /* Frameworks */,
				2D9DF44F1F7CE29B0042D6DD /* Headers */,
				2D9DF4501F7CE29B0042D6DD /* Resources */,
			);
			buildRules = (
			);
			dependencies = (
			);
			name = MJRefreshFramework;
			productName = MJRefreshFramework;
			productReference = 2D9DF4521F7CE29B0042D6DD /* MJRefresh.framework */;
			productType = "com.apple.product-type.framework";
		};
		2DA7F9241AA6B4C4005627AB /* MJRefreshExample */ = {
			isa = PBXNativeTarget;
			buildConfigurationList = 2DA7F9481AA6B4C4005627AB /* Build configuration list for PBXNativeTarget "MJRefreshExample" */;
			buildPhases = (
				2DA7F9211AA6B4C4005627AB /* Sources */,
				2DA7F9221AA6B4C4005627AB /* Frameworks */,
				2DA7F9231AA6B4C4005627AB /* Resources */,
				2D9DF3EC1F7CD8F50042D6DD /* Embed Frameworks */,
			);
			buildRules = (
			);
			dependencies = (
				000CF8F723D5A207005029D3 /* PBXTargetDependency */,
			);
			name = MJRefreshExample;
			productName = MJRefreshExample;
			productReference = 2DA7F9251AA6B4C4005627AB /* MJRefreshExample.app */;
			productType = "com.apple.product-type.application";
		};
		2DA7F93D1AA6B4C4005627AB /* MJRefreshExampleTests */ = {
			isa = PBXNativeTarget;
			buildConfigurationList = 2DA7F94B1AA6B4C4005627AB /* Build configuration list for PBXNativeTarget "MJRefreshExampleTests" */;
			buildPhases = (
				2DA7F93A1AA6B4C4005627AB /* Sources */,
				2DA7F93B1AA6B4C4005627AB /* Frameworks */,
				2DA7F93C1AA6B4C4005627AB /* Resources */,
			);
			buildRules = (
			);
			dependencies = (
				2DA7F9401AA6B4C4005627AB /* PBXTargetDependency */,
			);
			name = MJRefreshExampleTests;
			productName = MJRefreshExampleTests;
			productReference = 2DA7F93E1AA6B4C4005627AB /* MJRefreshExampleTests.xctest */;
			productType = "com.apple.product-type.bundle.unit-test";
		};
/* End PBXNativeTarget section */

/* Begin PBXProject section */
		2DA7F91D1AA6B4C4005627AB /* Project object */ = {
			isa = PBXProject;
			attributes = {
				CLASSPREFIX = MJ;
				LastUpgradeCheck = 0700;
				ORGANIZATIONNAME = "小码哥";
				TargetAttributes = {
					2D9DF4511F7CE29B0042D6DD = {
						CreatedOnToolsVersion = 9.0;
						ProvisioningStyle = Automatic;
					};
					2DA7F9241AA6B4C4005627AB = {
						CreatedOnToolsVersion = 6.1;
						LastSwiftMigration = 1120;
					};
					2DA7F93D1AA6B4C4005627AB = {
						CreatedOnToolsVersion = 6.1;
						TestTargetID = 2DA7F9241AA6B4C4005627AB;
					};
				};
			};
			buildConfigurationList = 2DA7F9201AA6B4C4005627AB /* Build configuration list for PBXProject "MJRefreshExample" */;
			compatibilityVersion = "Xcode 3.2";
			developmentRegion = en;
			hasScannedForEncodings = 0;
			knownRegions = (
				en,
				Base,
			);
			mainGroup = 2DA7F91C1AA6B4C4005627AB;
			productRefGroup = 2DA7F9261AA6B4C4005627AB /* Products */;
			projectDirPath = "";
			projectRoot = "";
			targets = (
				2DA7F9241AA6B4C4005627AB /* MJRefreshExample */,
				2DA7F93D1AA6B4C4005627AB /* MJRefreshExampleTests */,
				2D9DF4511F7CE29B0042D6DD /* MJRefreshFramework */,
			);
		};
/* End PBXProject section */

/* Begin PBXResourcesBuildPhase section */
		2D9DF4501F7CE29B0042D6DD /* Resources */ = {
			isa = PBXResourcesBuildPhase;
			buildActionMask = 2147483647;
			files = (
				000CF8CF23D5A1D9005029D3 /* MJRefresh.bundle in Resources */,
			);
			runOnlyForDeploymentPostprocessing = 0;
		};
		2DA7F9231AA6B4C4005627AB /* Resources */ = {
			isa = PBXResourcesBuildPhase;
			buildActionMask = 2147483647;
			files = (
				2DA7F9341AA6B4C4005627AB /* Main.storyboard in Resources */,
				2DA7F9391AA6B4C4005627AB /* LaunchScreen.xib in Resources */,
				2D9BEB1A1BB15F4A00AED473 /* MJTestViewController.xib in Resources */,
				2DA7F9361AA6B4C4005627AB /* Images.xcassets in Resources */,
			);
			runOnlyForDeploymentPostprocessing = 0;
		};
		2DA7F93C1AA6B4C4005627AB /* Resources */ = {
			isa = PBXResourcesBuildPhase;
			buildActionMask = 2147483647;
			files = (
			);
			runOnlyForDeploymentPostprocessing = 0;
		};
/* End PBXResourcesBuildPhase section */

/* Begin PBXSourcesBuildPhase section */
		2D9DF44D1F7CE29B0042D6DD /* Sources */ = {
			isa = PBXSourcesBuildPhase;
			buildActionMask = 2147483647;
			files = (
				5654CEAD23E3F37700250CED /* MJRefreshBackStateFooter.swift in Sources */,
				5654CE8323DFD20900250CED /* MJRefreshBackNormalFooter.swift in Sources */,
				5654CEB423E6B33800250CED /* MJRefreshAutoGifFooter.swift in Sources */,
				5601B72B23F1AB6E00C3CF13 /* MJRefreshConfig.swift in Sources */,
				000CF8E423D5A1D9005029D3 /* MJRefreshGifHeader.swift in Sources */,
				5654CE7723DAD70D00250CED /* MJRefreshNormalHeader.swift in Sources */,
				5654CEB923E6CA3D00250CED /* MJRefreshAutoStateFooter.swift in Sources */,
				5654CED123EBC9D000250CED /* MJRefreshFooter.swift in Sources */,
				5654CECC23EA976F00250CED /* UIScrollView+MJRefresh.swift in Sources */,
				5654CEB123E4120B00250CED /* MJRefreshAutoNormalFooter.swift in Sources */,
				5654CEBC23E7F3FA00250CED /* MJRefreshAutoFooter.swift in Sources */,
				5654CE8723E31A9D00250CED /* MJRefreshBackGifFooter.swift in Sources */,
				5654CE8123DF1B4F00250CED /* MJRefreshHeader.swift in Sources */,
				5654CE7C23DB5DC500250CED /* MJRefreshStateHeader.swift in Sources */,
				5654CE7823DAD71700250CED /* UIView+MJExtension.swift in Sources */,
				5654CEC123E915B500250CED /* MJRefreshBackFooter.swift in Sources */,
				000CF90223D5BD9F005029D3 /* MJRefresh.swift in Sources */,
				5654CED423EBDE9B00250CED /* MJRefreshComponent.swift in Sources */,
				5697337723EC7EAE00C84B5F /* NSBundle+MJRefresh.swift in Sources */,
			);
			runOnlyForDeploymentPostprocessing = 0;
		};
		2DA7F9211AA6B4C4005627AB /* Sources */ = {
			isa = PBXSourcesBuildPhase;
			buildActionMask = 2147483647;
			files = (
				5654CEBF23E90DFA00250CED /* MJDIYAutoFooter.swift in Sources */,
				2D9BEB181BB15F4A00AED473 /* MJTableViewController.m in Sources */,
				2D9BEB121BB15F4A00AED473 /* MJExampleWindow.m in Sources */,
				2D9BEB131BB15F4A00AED473 /* MJNavigationController.m in Sources */,
				5654CEB723E6C54C00250CED /* MJChiBaoZiFooter.swift in Sources */,
				2D9BEB161BB15F4A00AED473 /* AppDelegate.m in Sources */,
				5654CEAA23E3DCAA00250CED /* MJChiBaoZiFooter2.swift in Sources */,
				5654CEC423E9434000250CED /* MJDIYBackFooter.swift in Sources */,
				2D9BEB141BB15F4A00AED473 /* MJSingleViewController.m in Sources */,
				2D9BEB101BB15F4A00AED473 /* MJExample.m in Sources */,
				56A2337C23FE5B65000DCA50 /* MJWebViewViewController.swift in Sources */,
				000CF8FF23D5AC7F005029D3 /* MJChiBaoZiHeader.swift in Sources */,
				2DA7F92B1AA6B4C4005627AB /* main.m in Sources */,
				2D9BEB091BB15F4A00AED473 /* UIViewController+Example.m in Sources */,
				2D9BEB111BB15F4A00AED473 /* MJExampleViewController.m in Sources */,
				2D9BEB191BB15F4A00AED473 /* MJTestViewController.m in Sources */,
				2D9BEB151BB15F4A00AED473 /* MJTempViewController.m in Sources */,
				5654CECF23EBA9C200250CED /* MJDIYHeader.swift in Sources */,
				2D9BEB171BB15F4A00AED473 /* MJCollectionViewController.m in Sources */,
			);
			runOnlyForDeploymentPostprocessing = 0;
		};
		2DA7F93A1AA6B4C4005627AB /* Sources */ = {
			isa = PBXSourcesBuildPhase;
			buildActionMask = 2147483647;
			files = (
				2DA7F9451AA6B4C4005627AB /* MJRefreshExampleTests.m in Sources */,
			);
			runOnlyForDeploymentPostprocessing = 0;
		};
/* End PBXSourcesBuildPhase section */

/* Begin PBXTargetDependency section */
		000CF8F723D5A207005029D3 /* PBXTargetDependency */ = {
			isa = PBXTargetDependency;
			target = 2D9DF4511F7CE29B0042D6DD /* MJRefreshFramework */;
			targetProxy = 000CF8F623D5A207005029D3 /* PBXContainerItemProxy */;
		};
		2DA7F9401AA6B4C4005627AB /* PBXTargetDependency */ = {
			isa = PBXTargetDependency;
			target = 2DA7F9241AA6B4C4005627AB /* MJRefreshExample */;
			targetProxy = 2DA7F93F1AA6B4C4005627AB /* PBXContainerItemProxy */;
		};
/* End PBXTargetDependency section */

/* Begin PBXVariantGroup section */
		2DA7F9321AA6B4C4005627AB /* Main.storyboard */ = {
			isa = PBXVariantGroup;
			children = (
				2DA7F9331AA6B4C4005627AB /* Base */,
			);
			name = Main.storyboard;
			sourceTree = "<group>";
		};
		2DA7F9371AA6B4C4005627AB /* LaunchScreen.xib */ = {
			isa = PBXVariantGroup;
			children = (
				2DA7F9381AA6B4C4005627AB /* Base */,
			);
			name = LaunchScreen.xib;
			sourceTree = "<group>";
		};
/* End PBXVariantGroup section */

/* Begin XCBuildConfiguration section */
		2D9DF4581F7CE29B0042D6DD /* Debug */ = {
			isa = XCBuildConfiguration;
			buildSettings = {
				CLANG_ANALYZER_NONNULL = YES;
				CLANG_ANALYZER_NUMBER_OBJECT_CONVERSION = YES_AGGRESSIVE;
				CLANG_CXX_LANGUAGE_STANDARD = "gnu++14";
				CLANG_WARN_BLOCK_CAPTURE_AUTORELEASING = YES;
				CLANG_WARN_COMMA = YES;
				CLANG_WARN_DOCUMENTATION_COMMENTS = YES;
				CLANG_WARN_INFINITE_RECURSION = YES;
				CLANG_WARN_NON_LITERAL_NULL_CONVERSION = YES;
				CLANG_WARN_OBJC_LITERAL_CONVERSION = YES;
				CLANG_WARN_RANGE_LOOP_ANALYSIS = YES;
				CLANG_WARN_STRICT_PROTOTYPES = YES;
				CLANG_WARN_SUSPICIOUS_MOVE = YES;
				CLANG_WARN_UNGUARDED_AVAILABILITY = YES_AGGRESSIVE;
				CODE_SIGN_IDENTITY = "iPhone Developer";
				CODE_SIGN_STYLE = Automatic;
				CURRENT_PROJECT_VERSION = 1;
				DEBUG_INFORMATION_FORMAT = dwarf;
				DEFINES_MODULE = YES;
				DYLIB_COMPATIBILITY_VERSION = 1;
				DYLIB_CURRENT_VERSION = 1;
				DYLIB_INSTALL_NAME_BASE = "@rpath";
				GCC_C_LANGUAGE_STANDARD = gnu11;
				GCC_NO_COMMON_BLOCKS = YES;
				INFOPLIST_FILE = MJRefreshFramework/Info.plist;
				INSTALL_PATH = "$(LOCAL_LIBRARY_DIR)/Frameworks";
				IPHONEOS_DEPLOYMENT_TARGET = 8.0;
				LD_RUNPATH_SEARCH_PATHS = "$(inherited) @executable_path/Frameworks @loader_path/Frameworks";
				OTHER_LDFLAGS = "-Objc";
				PRODUCT_BUNDLE_IDENTIFIER = com.520it.MJRefreshFramework;
				PRODUCT_MODULE_NAME = MJRefresh;
				PRODUCT_NAME = MJRefresh;
				SKIP_INSTALL = YES;
				SWIFT_OBJC_BRIDGING_HEADER = "";
				SWIFT_VERSION = 5.0;
				TARGETED_DEVICE_FAMILY = "1,2";
				VERSIONING_SYSTEM = "apple-generic";
				VERSION_INFO_PREFIX = "";
			};
			name = Debug;
		};
		2D9DF4591F7CE29B0042D6DD /* Release */ = {
			isa = XCBuildConfiguration;
			buildSettings = {
				CLANG_ANALYZER_NONNULL = YES;
				CLANG_ANALYZER_NUMBER_OBJECT_CONVERSION = YES_AGGRESSIVE;
				CLANG_CXX_LANGUAGE_STANDARD = "gnu++14";
				CLANG_WARN_BLOCK_CAPTURE_AUTORELEASING = YES;
				CLANG_WARN_COMMA = YES;
				CLANG_WARN_DOCUMENTATION_COMMENTS = YES;
				CLANG_WARN_INFINITE_RECURSION = YES;
				CLANG_WARN_NON_LITERAL_NULL_CONVERSION = YES;
				CLANG_WARN_OBJC_LITERAL_CONVERSION = YES;
				CLANG_WARN_RANGE_LOOP_ANALYSIS = YES;
				CLANG_WARN_STRICT_PROTOTYPES = YES;
				CLANG_WARN_SUSPICIOUS_MOVE = YES;
				CLANG_WARN_UNGUARDED_AVAILABILITY = YES_AGGRESSIVE;
				CODE_SIGN_IDENTITY = "iPhone Developer";
				CODE_SIGN_STYLE = Automatic;
				COPY_PHASE_STRIP = NO;
				CURRENT_PROJECT_VERSION = 1;
				DEBUG_INFORMATION_FORMAT = "dwarf-with-dsym";
				DEFINES_MODULE = YES;
				DYLIB_COMPATIBILITY_VERSION = 1;
				DYLIB_CURRENT_VERSION = 1;
				DYLIB_INSTALL_NAME_BASE = "@rpath";
				GCC_C_LANGUAGE_STANDARD = gnu11;
				GCC_NO_COMMON_BLOCKS = YES;
				INFOPLIST_FILE = MJRefreshFramework/Info.plist;
				INSTALL_PATH = "$(LOCAL_LIBRARY_DIR)/Frameworks";
				IPHONEOS_DEPLOYMENT_TARGET = 8.0;
				LD_RUNPATH_SEARCH_PATHS = "$(inherited) @executable_path/Frameworks @loader_path/Frameworks";
				OTHER_LDFLAGS = "-Objc";
				PRODUCT_BUNDLE_IDENTIFIER = com.520it.MJRefreshFramework;
				PRODUCT_MODULE_NAME = MJRefresh;
				PRODUCT_NAME = MJRefresh;
				SKIP_INSTALL = YES;
				SWIFT_OBJC_BRIDGING_HEADER = "";
				SWIFT_VERSION = 5.0;
				TARGETED_DEVICE_FAMILY = "1,2";
				VERSIONING_SYSTEM = "apple-generic";
				VERSION_INFO_PREFIX = "";
			};
			name = Release;
		};
		2DA7F9461AA6B4C4005627AB /* Debug */ = {
			isa = XCBuildConfiguration;
			buildSettings = {
				ALWAYS_SEARCH_USER_PATHS = NO;
				CLANG_CXX_LANGUAGE_STANDARD = "gnu++0x";
				CLANG_CXX_LIBRARY = "libc++";
				CLANG_ENABLE_MODULES = YES;
				CLANG_ENABLE_OBJC_ARC = YES;
				CLANG_WARN_BOOL_CONVERSION = YES;
				CLANG_WARN_CONSTANT_CONVERSION = YES;
				CLANG_WARN_DIRECT_OBJC_ISA_USAGE = YES_ERROR;
				CLANG_WARN_EMPTY_BODY = YES;
				CLANG_WARN_ENUM_CONVERSION = YES;
				CLANG_WARN_INT_CONVERSION = YES;
				CLANG_WARN_OBJC_ROOT_CLASS = YES_ERROR;
				CLANG_WARN_UNREACHABLE_CODE = YES;
				CLANG_WARN__DUPLICATE_METHOD_MATCH = YES;
				"CODE_SIGN_IDENTITY[sdk=iphoneos*]" = "iPhone Developer";
				COPY_PHASE_STRIP = NO;
				ENABLE_STRICT_OBJC_MSGSEND = YES;
				ENABLE_TESTABILITY = YES;
				GCC_C_LANGUAGE_STANDARD = gnu99;
				GCC_DYNAMIC_NO_PIC = NO;
				GCC_OPTIMIZATION_LEVEL = 0;
				GCC_PREPROCESSOR_DEFINITIONS = (
					"DEBUG=1",
					"$(inherited)",
				);
				GCC_SYMBOLS_PRIVATE_EXTERN = NO;
				GCC_WARN_64_TO_32_BIT_CONVERSION = YES;
				GCC_WARN_ABOUT_RETURN_TYPE = YES_ERROR;
				GCC_WARN_UNDECLARED_SELECTOR = YES;
				GCC_WARN_UNINITIALIZED_AUTOS = YES_AGGRESSIVE;
				GCC_WARN_UNUSED_FUNCTION = YES;
				GCC_WARN_UNUSED_VARIABLE = YES;
				IPHONEOS_DEPLOYMENT_TARGET = 8.1;
				MTL_ENABLE_DEBUG_INFO = YES;
				ONLY_ACTIVE_ARCH = YES;
				SDKROOT = iphoneos;
				TARGETED_DEVICE_FAMILY = "1,2";
			};
			name = Debug;
		};
		2DA7F9471AA6B4C4005627AB /* Release */ = {
			isa = XCBuildConfiguration;
			buildSettings = {
				ALWAYS_SEARCH_USER_PATHS = NO;
				CLANG_CXX_LANGUAGE_STANDARD = "gnu++0x";
				CLANG_CXX_LIBRARY = "libc++";
				CLANG_ENABLE_MODULES = YES;
				CLANG_ENABLE_OBJC_ARC = YES;
				CLANG_WARN_BOOL_CONVERSION = YES;
				CLANG_WARN_CONSTANT_CONVERSION = YES;
				CLANG_WARN_DIRECT_OBJC_ISA_USAGE = YES_ERROR;
				CLANG_WARN_EMPTY_BODY = YES;
				CLANG_WARN_ENUM_CONVERSION = YES;
				CLANG_WARN_INT_CONVERSION = YES;
				CLANG_WARN_OBJC_ROOT_CLASS = YES_ERROR;
				CLANG_WARN_UNREACHABLE_CODE = YES;
				CLANG_WARN__DUPLICATE_METHOD_MATCH = YES;
				"CODE_SIGN_IDENTITY[sdk=iphoneos*]" = "iPhone Developer";
				COPY_PHASE_STRIP = YES;
				ENABLE_NS_ASSERTIONS = NO;
				ENABLE_STRICT_OBJC_MSGSEND = YES;
				GCC_C_LANGUAGE_STANDARD = gnu99;
				GCC_WARN_64_TO_32_BIT_CONVERSION = YES;
				GCC_WARN_ABOUT_RETURN_TYPE = YES_ERROR;
				GCC_WARN_UNDECLARED_SELECTOR = YES;
				GCC_WARN_UNINITIALIZED_AUTOS = YES_AGGRESSIVE;
				GCC_WARN_UNUSED_FUNCTION = YES;
				GCC_WARN_UNUSED_VARIABLE = YES;
				IPHONEOS_DEPLOYMENT_TARGET = 8.1;
				MTL_ENABLE_DEBUG_INFO = NO;
				SDKROOT = iphoneos;
				TARGETED_DEVICE_FAMILY = "1,2";
				VALIDATE_PRODUCT = YES;
			};
			name = Release;
		};
		2DA7F9491AA6B4C4005627AB /* Debug */ = {
			isa = XCBuildConfiguration;
			buildSettings = {
				ASSETCATALOG_COMPILER_APPICON_NAME = AppIcon;
				CLANG_ENABLE_MODULES = YES;
				CODE_SIGN_IDENTITY = "iPhone Developer";
				DEVELOPMENT_TEAM = "";
				GCC_PREFIX_HEADER = MJRefreshExample/PrefixHeader.pch;
				INFOPLIST_FILE = MJRefreshExample/Info.plist;
				IPHONEOS_DEPLOYMENT_TARGET = 8.0;
				LD_RUNPATH_SEARCH_PATHS = "$(inherited) @executable_path/Frameworks";
				PRODUCT_BUNDLE_IDENTIFIER = com.mj.MJRefresh;
				PRODUCT_NAME = "$(TARGET_NAME)";
				SWIFT_OBJC_BRIDGING_HEADER = "$(SRCROOT)/MJRefreshExample/Classes/Other/bridge_Header.h";
				SWIFT_OPTIMIZATION_LEVEL = "-Onone";
				SWIFT_VERSION = 5.0;
			};
			name = Debug;
		};
		2DA7F94A1AA6B4C4005627AB /* Release */ = {
			isa = XCBuildConfiguration;
			buildSettings = {
				ASSETCATALOG_COMPILER_APPICON_NAME = AppIcon;
				CLANG_ENABLE_MODULES = YES;
				CODE_SIGN_IDENTITY = "iPhone Developer";
				DEVELOPMENT_TEAM = "";
				GCC_PREFIX_HEADER = MJRefreshExample/PrefixHeader.pch;
				INFOPLIST_FILE = MJRefreshExample/Info.plist;
				IPHONEOS_DEPLOYMENT_TARGET = 8.0;
				LD_RUNPATH_SEARCH_PATHS = "$(inherited) @executable_path/Frameworks";
				PRODUCT_BUNDLE_IDENTIFIER = com.mj.MJRefresh;
				PRODUCT_NAME = "$(TARGET_NAME)";
				SWIFT_OBJC_BRIDGING_HEADER = "$(SRCROOT)/MJRefreshExample/Classes/Other/bridge_Header.h";
				SWIFT_VERSION = 5.0;
			};
			name = Release;
		};
		2DA7F94C1AA6B4C4005627AB /* Debug */ = {
			isa = XCBuildConfiguration;
			buildSettings = {
				ALWAYS_EMBED_SWIFT_STANDARD_LIBRARIES = YES;
				BUNDLE_LOADER = "$(TEST_HOST)";
				FRAMEWORK_SEARCH_PATHS = (
					"$(SDKROOT)/System/Library/Frameworks",
					"$(inherited)",
				);
				GCC_PREPROCESSOR_DEFINITIONS = (
					"DEBUG=1",
					"$(inherited)",
				);
				INFOPLIST_FILE = MJRefreshExampleTests/Info.plist;
				LD_RUNPATH_SEARCH_PATHS = "$(inherited) @executable_path/Frameworks @loader_path/Frameworks";
				PRODUCT_BUNDLE_IDENTIFIER = "com.mj.$(PRODUCT_NAME:rfc1034identifier)";
				PRODUCT_NAME = "$(TARGET_NAME)";
				TEST_HOST = "$(BUILT_PRODUCTS_DIR)/MJRefreshExample.app/MJRefreshExample";
			};
			name = Debug;
		};
		2DA7F94D1AA6B4C4005627AB /* Release */ = {
			isa = XCBuildConfiguration;
			buildSettings = {
				ALWAYS_EMBED_SWIFT_STANDARD_LIBRARIES = YES;
				BUNDLE_LOADER = "$(TEST_HOST)";
				FRAMEWORK_SEARCH_PATHS = (
					"$(SDKROOT)/System/Library/Frameworks",
					"$(inherited)",
				);
				INFOPLIST_FILE = MJRefreshExampleTests/Info.plist;
				LD_RUNPATH_SEARCH_PATHS = "$(inherited) @executable_path/Frameworks @loader_path/Frameworks";
				PRODUCT_BUNDLE_IDENTIFIER = "com.mj.$(PRODUCT_NAME:rfc1034identifier)";
				PRODUCT_NAME = "$(TARGET_NAME)";
				TEST_HOST = "$(BUILT_PRODUCTS_DIR)/MJRefreshExample.app/MJRefreshExample";
			};
			name = Release;
		};
/* End XCBuildConfiguration section */

/* Begin XCConfigurationList section */
		2D9DF4571F7CE29B0042D6DD /* Build configuration list for PBXNativeTarget "MJRefreshFramework" */ = {
			isa = XCConfigurationList;
			buildConfigurations = (
				2D9DF4581F7CE29B0042D6DD /* Debug */,
				2D9DF4591F7CE29B0042D6DD /* Release */,
			);
			defaultConfigurationIsVisible = 0;
			defaultConfigurationName = Release;
		};
		2DA7F9201AA6B4C4005627AB /* Build configuration list for PBXProject "MJRefreshExample" */ = {
			isa = XCConfigurationList;
			buildConfigurations = (
				2DA7F9461AA6B4C4005627AB /* Debug */,
				2DA7F9471AA6B4C4005627AB /* Release */,
			);
			defaultConfigurationIsVisible = 0;
			defaultConfigurationName = Release;
		};
		2DA7F9481AA6B4C4005627AB /* Build configuration list for PBXNativeTarget "MJRefreshExample" */ = {
			isa = XCConfigurationList;
			buildConfigurations = (
				2DA7F9491AA6B4C4005627AB /* Debug */,
				2DA7F94A1AA6B4C4005627AB /* Release */,
			);
			defaultConfigurationIsVisible = 0;
			defaultConfigurationName = Release;
		};
		2DA7F94B1AA6B4C4005627AB /* Build configuration list for PBXNativeTarget "MJRefreshExampleTests" */ = {
			isa = XCConfigurationList;
			buildConfigurations = (
				2DA7F94C1AA6B4C4005627AB /* Debug */,
				2DA7F94D1AA6B4C4005627AB /* Release */,
			);
			defaultConfigurationIsVisible = 0;
			defaultConfigurationName = Release;
		};
/* End XCConfigurationList section */
	};
	rootObject = 2DA7F91D1AA6B4C4005627AB /* Project object */;
}
